
Microsoft Visual Studio Solution File, Format Version 12.00
# Visual Studio Version 16
VisualStudioVersion = 16.0.31321.278
MinimumVisualStudioVersion = 10.0.40219.1
Project("{FAE04EC0-301F-11D3-BF4B-00C04F79EFBC}") = "ChefByStep.ASP", "ChefByStep.ASP\ChefByStep.ASP.csproj", "{051D8278-AB06-42F2-9EE6-17822DF699F5}"
EndProject
Project("{FAE04EC0-301F-11D3-BF4B-00C04F79EFBC}") = "ChefByStep.Xamarin.Android", "ChefByStep.Xamarin\ChefByStep.Xamarin.Android\ChefByStep.Xamarin.Android.csproj", "{09EF6D3C-F26E-4B4C-997D-D3CDC827848D}"
EndProject
Project("{FAE04EC0-301F-11D3-BF4B-00C04F79EFBC}") = "ChefByStep.Xamarin.iOS", "ChefByStep.Xamarin\ChefByStep.Xamarin.iOS\ChefByStep.Xamarin.iOS.csproj", "{DA328F0B-A63C-4C16-B72A-0CE03638637C}"
EndProject
Project("{FAE04EC0-301F-11D3-BF4B-00C04F79EFBC}") = "ChefByStep.Xamarin", "ChefByStep.Xamarin\ChefByStep.Xamarin\ChefByStep.Xamarin.csproj", "{C0FEAB9D-105A-4AD6-A2D1-C3CE292A0042}"
EndProject
Project("{FAE04EC0-301F-11D3-BF4B-00C04F79EFBC}") = "ChefByStep.API", "ChefByStep.API\ChefByStep.API.csproj", "{36024A1A-69E3-4E59-9F4E-C381AE66087F}"
EndProject
Global
	GlobalSection(SolutionConfigurationPlatforms) = preSolution
		Debug|Any CPU = Debug|Any CPU
		Debug|iPhone = Debug|iPhone
		Debug|iPhoneSimulator = Debug|iPhoneSimulator
		Release|Any CPU = Release|Any CPU
		Release|iPhone = Release|iPhone
		Release|iPhoneSimulator = Release|iPhoneSimulator
	EndGlobalSection
	GlobalSection(ProjectConfigurationPlatforms) = postSolution
		{051D8278-AB06-42F2-9EE6-17822DF699F5}.Debug|Any CPU.ActiveCfg = Debug|Any CPU
		{051D8278-AB06-42F2-9EE6-17822DF699F5}.Debug|Any CPU.Build.0 = Debug|Any CPU
		{051D8278-AB06-42F2-9EE6-17822DF699F5}.Debug|iPhone.ActiveCfg = Debug|Any CPU
		{051D8278-AB06-42F2-9EE6-17822DF699F5}.Debug|iPhone.Build.0 = Debug|Any CPU
		{051D8278-AB06-42F2-9EE6-17822DF699F5}.Debug|iPhoneSimulator.ActiveCfg = Debug|Any CPU
		{051D8278-AB06-42F2-9EE6-17822DF699F5}.Debug|iPhoneSimulator.Build.0 = Debug|Any CPU
		{051D8278-AB06-42F2-9EE6-17822DF699F5}.Release|Any CPU.ActiveCfg = Release|Any CPU
		{051D8278-AB06-42F2-9EE6-17822DF699F5}.Release|Any CPU.Build.0 = Release|Any CPU
		{051D8278-AB06-42F2-9EE6-17822DF699F5}.Release|iPhone.ActiveCfg = Release|Any CPU
		{051D8278-AB06-42F2-9EE6-17822DF699F5}.Release|iPhone.Build.0 = Release|Any CPU
		{051D8278-AB06-42F2-9EE6-17822DF699F5}.Release|iPhoneSimulator.ActiveCfg = Release|Any CPU
		{051D8278-AB06-42F2-9EE6-17822DF699F5}.Release|iPhoneSimulator.Build.0 = Release|Any CPU
		{09EF6D3C-F26E-4B4C-997D-D3CDC827848D}.Debug|Any CPU.ActiveCfg = Debug|Any CPU
		{09EF6D3C-F26E-4B4C-997D-D3CDC827848D}.Debug|Any CPU.Build.0 = Debug|Any CPU
		{09EF6D3C-F26E-4B4C-997D-D3CDC827848D}.Debug|Any CPU.Deploy.0 = Debug|Any CPU
		{09EF6D3C-F26E-4B4C-997D-D3CDC827848D}.Debug|iPhone.ActiveCfg = Debug|Any CPU
		{09EF6D3C-F26E-4B4C-997D-D3CDC827848D}.Debug|iPhone.Build.0 = Debug|Any CPU
		{09EF6D3C-F26E-4B4C-997D-D3CDC827848D}.Debug|iPhone.Deploy.0 = Debug|Any CPU
		{09EF6D3C-F26E-4B4C-997D-D3CDC827848D}.Debug|iPhoneSimulator.ActiveCfg = Debug|Any CPU
		{09EF6D3C-F26E-4B4C-997D-D3CDC827848D}.Debug|iPhoneSimulator.Build.0 = Debug|Any CPU
		{09EF6D3C-F26E-4B4C-997D-D3CDC827848D}.Debug|iPhoneSimulator.Deploy.0 = Debug|Any CPU
		{09EF6D3C-F26E-4B4C-997D-D3CDC827848D}.Release|Any CPU.ActiveCfg = Release|Any CPU
		{09EF6D3C-F26E-4B4C-997D-D3CDC827848D}.Release|Any CPU.Build.0 = Release|Any CPU
		{09EF6D3C-F26E-4B4C-997D-D3CDC827848D}.Release|Any CPU.Deploy.0 = Release|Any CPU
		{09EF6D3C-F26E-4B4C-997D-D3CDC827848D}.Release|iPhone.ActiveCfg = Release|Any CPU
		{09EF6D3C-F26E-4B4C-997D-D3CDC827848D}.Release|iPhone.Build.0 = Release|Any CPU
		{09EF6D3C-F26E-4B4C-997D-D3CDC827848D}.Release|iPhone.Deploy.0 = Release|Any CPU
		{09EF6D3C-F26E-4B4C-997D-D3CDC827848D}.Release|iPhoneSimulator.ActiveCfg = Release|Any CPU
		{09EF6D3C-F26E-4B4C-997D-D3CDC827848D}.Release|iPhoneSimulator.Build.0 = Release|Any CPU
		{09EF6D3C-F26E-4B4C-997D-D3CDC827848D}.Release|iPhoneSimulator.Deploy.0 = Release|Any CPU
		{DA328F0B-A63C-4C16-B72A-0CE03638637C}.Debug|Any CPU.ActiveCfg = Debug|iPhoneSimulator
		{DA328F0B-A63C-4C16-B72A-0CE03638637C}.Debug|iPhone.ActiveCfg = Debug|iPhone
		{DA328F0B-A63C-4C16-B72A-0CE03638637C}.Debug|iPhone.Build.0 = Debug|iPhone
		{DA328F0B-A63C-4C16-B72A-0CE03638637C}.Debug|iPhoneSimulator.ActiveCfg = Debug|iPhoneSimulator
		{DA328F0B-A63C-4C16-B72A-0CE03638637C}.Debug|iPhoneSimulator.Build.0 = Debug|iPhoneSimulator
		{DA328F0B-A63C-4C16-B72A-0CE03638637C}.Release|Any CPU.ActiveCfg = Release|iPhoneSimulator
		{DA328F0B-A63C-4C16-B72A-0CE03638637C}.Release|iPhone.ActiveCfg = Release|iPhone
		{DA328F0B-A63C-4C16-B72A-0CE03638637C}.Release|iPhone.Build.0 = Release|iPhone
		{DA328F0B-A63C-4C16-B72A-0CE03638637C}.Release|iPhoneSimulator.ActiveCfg = Release|iPhoneSimulator
		{DA328F0B-A63C-4C16-B72A-0CE03638637C}.Release|iPhoneSimulator.Build.0 = Release|iPhoneSimulator
		{C0FEAB9D-105A-4AD6-A2D1-C3CE292A0042}.Debug|Any CPU.ActiveCfg = Debug|Any CPU
		{C0FEAB9D-105A-4AD6-A2D1-C3CE292A0042}.Debug|Any CPU.Build.0 = Debug|Any CPU
		{C0FEAB9D-105A-4AD6-A2D1-C3CE292A0042}.Debug|iPhone.ActiveCfg = Debug|Any CPU
		{C0FEAB9D-105A-4AD6-A2D1-C3CE292A0042}.Debug|iPhone.Build.0 = Debug|Any CPU
		{C0FEAB9D-105A-4AD6-A2D1-C3CE292A0042}.Debug|iPhoneSimulator.ActiveCfg = Debug|Any CPU
		{C0FEAB9D-105A-4AD6-A2D1-C3CE292A0042}.Debug|iPhoneSimulator.Build.0 = Debug|Any CPU
		{C0FEAB9D-105A-4AD6-A2D1-C3CE292A0042}.Release|Any CPU.ActiveCfg = Release|Any CPU
		{C0FEAB9D-105A-4AD6-A2D1-C3CE292A0042}.Release|Any CPU.Build.0 = Release|Any CPU
		{C0FEAB9D-105A-4AD6-A2D1-C3CE292A0042}.Release|iPhone.ActiveCfg = Release|Any CPU
		{C0FEAB9D-105A-4AD6-A2D1-C3CE292A0042}.Release|iPhone.Build.0 = Release|Any CPU
		{C0FEAB9D-105A-4AD6-A2D1-C3CE292A0042}.Release|iPhoneSimulator.ActiveCfg = Release|Any CPU
		{C0FEAB9D-105A-4AD6-A2D1-C3CE292A0042}.Release|iPhoneSimulator.Build.0 = Release|Any CPU
		{36024A1A-69E3-4E59-9F4E-C381AE66087F}.Debug|Any CPU.ActiveCfg = Debug|Any CPU
		{36024A1A-69E3-4E59-9F4E-C381AE66087F}.Debug|Any CPU.Build.0 = Debug|Any CPU
		{36024A1A-69E3-4E59-9F4E-C381AE66087F}.Debug|iPhone.ActiveCfg = Debug|Any CPU
		{36024A1A-69E3-4E59-9F4E-C381AE66087F}.Debug|iPhone.Build.0 = Debug|Any CPU
		{36024A1A-69E3-4E59-9F4E-C381AE66087F}.Debug|iPhoneSimulator.ActiveCfg = Debug|Any CPU
		{36024A1A-69E3-4E59-9F4E-C381AE66087F}.Debug|iPhoneSimulator.Build.0 = Debug|Any CPU
		{36024A1A-69E3-4E59-9F4E-C381AE66087F}.Release|Any CPU.ActiveCfg = Release|Any CPU
		{36024A1A-69E3-4E59-9F4E-C381AE66087F}.Release|Any CPU.Build.0 = Release|Any CPU
		{36024A1A-69E3-4E59-9F4E-C381AE66087F}.Release|iPhone.ActiveCfg = Release|Any CPU
		{36024A1A-69E3-4E59-9F4E-C381AE66087F}.Release|iPhone.Build.0 = Release|Any CPU
		{36024A1A-69E3-4E59-9F4E-C381AE66087F}.Release|iPhoneSimulator.ActiveCfg = Release|Any CPU
		{36024A1A-69E3-4E59-9F4E-C381AE66087F}.Release|iPhoneSimulator.Build.0 = Release|Any CPU
	EndGlobalSection
	GlobalSection(SolutionProperties) = preSolution
		HideSolutionNode = FALSE
	EndGlobalSection
	GlobalSection(ExtensibilityGlobals) = postSolution
		SolutionGuid = {4063011E-D752-493C-BA5D-2757C878FE36}
	EndGlobalSection
EndGlobal
