
Microsoft Visual Studio Solution File, Format Version 12.00
# Visual Studio Version 16
VisualStudioVersion = 16.0.31321.278
MinimumVisualStudioVersion = 10.0.40219.1
Project("{9A19103F-16F7-4668-BE54-9A1E7A4F7556}") = "ChefByStep.ASP", "ChefByStep.ASP\ChefByStep.ASP.csproj", "{051D8278-AB06-42F2-9EE6-17822DF699F5}"
EndProject
Project("{9A19103F-16F7-4668-BE54-9A1E7A4F7556}") = "ChefByStep.API", "ChefByStep.API\ChefByStep.API.csproj", "{36024A1A-69E3-4E59-9F4E-C381AE66087F}"
EndProject
Project("{FAE04EC0-301F-11D3-BF4B-00C04F79EFBC}") = "ChefByStep.Android", "ChefByStep\ChefByStep.Android\ChefByStep.Android.csproj", "{46111C5F-016D-444C-B07D-532C90D8BBF2}"
EndProject
Project("{FAE04EC0-301F-11D3-BF4B-00C04F79EFBC}") = "ChefByStep.iOS", "ChefByStep\ChefByStep.iOS\ChefByStep.iOS.csproj", "{02498DA0-9EA2-44B2-9791-ED97428F834E}"
EndProject
Project("{9A19103F-16F7-4668-BE54-9A1E7A4F7556}") = "ChefByStep", "ChefByStep\ChefByStep\ChefByStep.csproj", "{6CC74019-30A9-49A4-BAB8-46B44B9EDB02}"
EndProject
Project("{2150E333-8FDC-42A3-9474-1A3956D46DE8}") = "Mobile", "Mobile", "{168DA8EA-1836-4F3B-AE52-1F0863A136DB}"
EndProject
Global
	GlobalSection(SolutionConfigurationPlatforms) = preSolution
		Debug|Any CPU = Debug|Any CPU
		Debug|iPhone = Debug|iPhone
		Debug|iPhoneSimulator = Debug|iPhoneSimulator
		Release|Any CPU = Release|Any CPU
		Release|iPhone = Release|iPhone
		Release|iPhoneSimulator = Release|iPhoneSimulator
	EndGlobalSection
	GlobalSection(ProjectConfigurationPlatforms) = postSolution
		{051D8278-AB06-42F2-9EE6-17822DF699F5}.Debug|Any CPU.ActiveCfg = Debug|Any CPU
		{051D8278-AB06-42F2-9EE6-17822DF699F5}.Debug|Any CPU.Build.0 = Debug|Any CPU
		{051D8278-AB06-42F2-9EE6-17822DF699F5}.Debug|iPhone.ActiveCfg = Debug|Any CPU
		{051D8278-AB06-42F2-9EE6-17822DF699F5}.Debug|iPhone.Build.0 = Debug|Any CPU
		{051D8278-AB06-42F2-9EE6-17822DF699F5}.Debug|iPhoneSimulator.ActiveCfg = Debug|Any CPU
		{051D8278-AB06-42F2-9EE6-17822DF699F5}.Debug|iPhoneSimulator.Build.0 = Debug|Any CPU
		{051D8278-AB06-42F2-9EE6-17822DF699F5}.Release|Any CPU.ActiveCfg = Release|Any CPU
		{051D8278-AB06-42F2-9EE6-17822DF699F5}.Release|Any CPU.Build.0 = Release|Any CPU
		{051D8278-AB06-42F2-9EE6-17822DF699F5}.Release|iPhone.ActiveCfg = Release|Any CPU
		{051D8278-AB06-42F2-9EE6-17822DF699F5}.Release|iPhone.Build.0 = Release|Any CPU
		{051D8278-AB06-42F2-9EE6-17822DF699F5}.Release|iPhoneSimulator.ActiveCfg = Release|Any CPU
		{051D8278-AB06-42F2-9EE6-17822DF699F5}.Release|iPhoneSimulator.Build.0 = Release|Any CPU
		{36024A1A-69E3-4E59-9F4E-C381AE66087F}.Debug|Any CPU.ActiveCfg = Debug|Any CPU
		{36024A1A-69E3-4E59-9F4E-C381AE66087F}.Debug|Any CPU.Build.0 = Debug|Any CPU
		{36024A1A-69E3-4E59-9F4E-C381AE66087F}.Debug|iPhone.ActiveCfg = Debug|Any CPU
		{36024A1A-69E3-4E59-9F4E-C381AE66087F}.Debug|iPhone.Build.0 = Debug|Any CPU
		{36024A1A-69E3-4E59-9F4E-C381AE66087F}.Debug|iPhoneSimulator.ActiveCfg = Debug|Any CPU
		{36024A1A-69E3-4E59-9F4E-C381AE66087F}.Debug|iPhoneSimulator.Build.0 = Debug|Any CPU
		{36024A1A-69E3-4E59-9F4E-C381AE66087F}.Release|Any CPU.ActiveCfg = Release|Any CPU
		{36024A1A-69E3-4E59-9F4E-C381AE66087F}.Release|Any CPU.Build.0 = Release|Any CPU
		{36024A1A-69E3-4E59-9F4E-C381AE66087F}.Release|iPhone.ActiveCfg = Release|Any CPU
		{36024A1A-69E3-4E59-9F4E-C381AE66087F}.Release|iPhone.Build.0 = Release|Any CPU
		{36024A1A-69E3-4E59-9F4E-C381AE66087F}.Release|iPhoneSimulator.ActiveCfg = Release|Any CPU
		{36024A1A-69E3-4E59-9F4E-C381AE66087F}.Release|iPhoneSimulator.Build.0 = Release|Any CPU
		{46111C5F-016D-444C-B07D-532C90D8BBF2}.Debug|Any CPU.ActiveCfg = Debug|Any CPU
		{46111C5F-016D-444C-B07D-532C90D8BBF2}.Debug|Any CPU.Build.0 = Debug|Any CPU
		{46111C5F-016D-444C-B07D-532C90D8BBF2}.Debug|Any CPU.Deploy.0 = Debug|Any CPU
		{46111C5F-016D-444C-B07D-532C90D8BBF2}.Debug|iPhone.ActiveCfg = Debug|Any CPU
		{46111C5F-016D-444C-B07D-532C90D8BBF2}.Debug|iPhone.Build.0 = Debug|Any CPU
		{46111C5F-016D-444C-B07D-532C90D8BBF2}.Debug|iPhone.Deploy.0 = Debug|Any CPU
		{46111C5F-016D-444C-B07D-532C90D8BBF2}.Debug|iPhoneSimulator.ActiveCfg = Debug|Any CPU
		{46111C5F-016D-444C-B07D-532C90D8BBF2}.Debug|iPhoneSimulator.Build.0 = Debug|Any CPU
		{46111C5F-016D-444C-B07D-532C90D8BBF2}.Debug|iPhoneSimulator.Deploy.0 = Debug|Any CPU
		{46111C5F-016D-444C-B07D-532C90D8BBF2}.Release|Any CPU.ActiveCfg = Release|Any CPU
		{46111C5F-016D-444C-B07D-532C90D8BBF2}.Release|Any CPU.Build.0 = Release|Any CPU
		{46111C5F-016D-444C-B07D-532C90D8BBF2}.Release|Any CPU.Deploy.0 = Release|Any CPU
		{46111C5F-016D-444C-B07D-532C90D8BBF2}.Release|iPhone.ActiveCfg = Release|Any CPU
		{46111C5F-016D-444C-B07D-532C90D8BBF2}.Release|iPhone.Build.0 = Release|Any CPU
		{46111C5F-016D-444C-B07D-532C90D8BBF2}.Release|iPhone.Deploy.0 = Release|Any CPU
		{46111C5F-016D-444C-B07D-532C90D8BBF2}.Release|iPhoneSimulator.ActiveCfg = Release|Any CPU
		{46111C5F-016D-444C-B07D-532C90D8BBF2}.Release|iPhoneSimulator.Build.0 = Release|Any CPU
		{46111C5F-016D-444C-B07D-532C90D8BBF2}.Release|iPhoneSimulator.Deploy.0 = Release|Any CPU
		{02498DA0-9EA2-44B2-9791-ED97428F834E}.Debug|Any CPU.ActiveCfg = Debug|iPhoneSimulator
		{02498DA0-9EA2-44B2-9791-ED97428F834E}.Debug|iPhone.ActiveCfg = Debug|iPhone
		{02498DA0-9EA2-44B2-9791-ED97428F834E}.Debug|iPhone.Build.0 = Debug|iPhone
		{02498DA0-9EA2-44B2-9791-ED97428F834E}.Debug|iPhoneSimulator.ActiveCfg = Debug|iPhoneSimulator
		{02498DA0-9EA2-44B2-9791-ED97428F834E}.Debug|iPhoneSimulator.Build.0 = Debug|iPhoneSimulator
		{02498DA0-9EA2-44B2-9791-ED97428F834E}.Release|Any CPU.ActiveCfg = Release|iPhoneSimulator
		{02498DA0-9EA2-44B2-9791-ED97428F834E}.Release|iPhone.ActiveCfg = Release|iPhone
		{02498DA0-9EA2-44B2-9791-ED97428F834E}.Release|iPhone.Build.0 = Release|iPhone
		{02498DA0-9EA2-44B2-9791-ED97428F834E}.Release|iPhoneSimulator.ActiveCfg = Release|iPhoneSimulator
		{02498DA0-9EA2-44B2-9791-ED97428F834E}.Release|iPhoneSimulator.Build.0 = Release|iPhoneSimulator
		{6CC74019-30A9-49A4-BAB8-46B44B9EDB02}.Debug|Any CPU.ActiveCfg = Debug|Any CPU
		{6CC74019-30A9-49A4-BAB8-46B44B9EDB02}.Debug|Any CPU.Build.0 = Debug|Any CPU
		{6CC74019-30A9-49A4-BAB8-46B44B9EDB02}.Debug|iPhone.ActiveCfg = Debug|Any CPU
		{6CC74019-30A9-49A4-BAB8-46B44B9EDB02}.Debug|iPhone.Build.0 = Debug|Any CPU
		{6CC74019-30A9-49A4-BAB8-46B44B9EDB02}.Debug|iPhoneSimulator.ActiveCfg = Debug|Any CPU
		{6CC74019-30A9-49A4-BAB8-46B44B9EDB02}.Debug|iPhoneSimulator.Build.0 = Debug|Any CPU
		{6CC74019-30A9-49A4-BAB8-46B44B9EDB02}.Release|Any CPU.ActiveCfg = Release|Any CPU
		{6CC74019-30A9-49A4-BAB8-46B44B9EDB02}.Release|Any CPU.Build.0 = Release|Any CPU
		{6CC74019-30A9-49A4-BAB8-46B44B9EDB02}.Release|iPhone.ActiveCfg = Release|Any CPU
		{6CC74019-30A9-49A4-BAB8-46B44B9EDB02}.Release|iPhone.Build.0 = Release|Any CPU
		{6CC74019-30A9-49A4-BAB8-46B44B9EDB02}.Release|iPhoneSimulator.ActiveCfg = Release|Any CPU
		{6CC74019-30A9-49A4-BAB8-46B44B9EDB02}.Release|iPhoneSimulator.Build.0 = Release|Any CPU
	EndGlobalSection
	GlobalSection(SolutionProperties) = preSolution
		HideSolutionNode = FALSE
	EndGlobalSection
	GlobalSection(NestedProjects) = preSolution
		{46111C5F-016D-444C-B07D-532C90D8BBF2} = {168DA8EA-1836-4F3B-AE52-1F0863A136DB}
		{02498DA0-9EA2-44B2-9791-ED97428F834E} = {168DA8EA-1836-4F3B-AE52-1F0863A136DB}
		{6CC74019-30A9-49A4-BAB8-46B44B9EDB02} = {168DA8EA-1836-4F3B-AE52-1F0863A136DB}
	EndGlobalSection
	GlobalSection(ExtensibilityGlobals) = postSolution
		SolutionGuid = {4063011E-D752-493C-BA5D-2757C878FE36}
	EndGlobalSection
EndGlobal
